// !$*UTF8*$!
{
	archiveVersion = 1;
	classes = {
	};
	objectVersion = 46;
	objects = {

/* Begin PBXBuildFile section */
		BA45B2C21CD58B5B00E3C1ED /* InstagramSDK.h in Headers */ = {isa = PBXBuildFile; fileRef = BA45B2C11CD58B5B00E3C1ED /* InstagramSDK.h */; settings = {ATTRIBUTES = (Public, ); }; };
		BA45B2D01CD5992800E3C1ED /* IGManager.swift in Sources */ = {isa = PBXBuildFile; fileRef = BA45B2CF1CD5992800E3C1ED /* IGManager.swift */; };
		BA45B2D21CD59EE400E3C1ED /* IGAuthViewController.swift in Sources */ = {isa = PBXBuildFile; fileRef = BA45B2D11CD59EE400E3C1ED /* IGAuthViewController.swift */; };
		BA45B2D61CD5A55600E3C1ED /* IGAuthPermission.swift in Sources */ = {isa = PBXBuildFile; fileRef = BA45B2D51CD5A55600E3C1ED /* IGAuthPermission.swift */; };
		BA45B2D81CD5C09100E3C1ED /* IGAuthState.swift in Sources */ = {isa = PBXBuildFile; fileRef = BA45B2D71CD5C09100E3C1ED /* IGAuthState.swift */; };
		BA62E1DD1CD6E8290076047C /* JSONHelper.framework in Frameworks */ = {isa = PBXBuildFile; fileRef = BA62E1DC1CD6E8290076047C /* JSONHelper.framework */; };
		BA7A17401CD6F99F00DC2250 /* AFNetworking.framework in Frameworks */ = {isa = PBXBuildFile; fileRef = BA7A173F1CD6F99F00DC2250 /* AFNetworking.framework */; };
		BA7A17421CD7205D00DC2250 /* IGAuthViewController.xib in Resources */ = {isa = PBXBuildFile; fileRef = BA7A17411CD7205D00DC2250 /* IGAuthViewController.xib */; };
		BA7A17441CD7BF4D00DC2250 /* IGUser.swift in Sources */ = {isa = PBXBuildFile; fileRef = BA7A17431CD7BF4D00DC2250 /* IGUser.swift */; };
		BAC1E4681CD699080091B108 /* IGMedia.swift in Sources */ = {isa = PBXBuildFile; fileRef = BAC1E4671CD699080091B108 /* IGMedia.swift */; };
		BAC1E46A1CD699F00091B108 /* IGImage.swift in Sources */ = {isa = PBXBuildFile; fileRef = BAC1E4691CD699F00091B108 /* IGImage.swift */; };
		BAC1E46C1CD69B6E0091B108 /* IGImageResolution.swift in Sources */ = {isa = PBXBuildFile; fileRef = BAC1E46B1CD69B6E0091B108 /* IGImageResolution.swift */; };
		BAC1E46E1CD6E0340091B108 /* IGMediaListResponse.swift in Sources */ = {isa = PBXBuildFile; fileRef = BAC1E46D1CD6E0340091B108 /* IGMediaListResponse.swift */; };
/* End PBXBuildFile section */

/* Begin PBXFileReference section */
		BA45B2BE1CD58B5B00E3C1ED /* InstagramSDK.framework */ = {isa = PBXFileReference; explicitFileType = wrapper.framework; includeInIndex = 0; path = InstagramSDK.framework; sourceTree = BUILT_PRODUCTS_DIR; };
		BA45B2C11CD58B5B00E3C1ED /* InstagramSDK.h */ = {isa = PBXFileReference; lastKnownFileType = sourcecode.c.h; path = InstagramSDK.h; sourceTree = "<group>"; };
		BA45B2C31CD58B5B00E3C1ED /* Info.plist */ = {isa = PBXFileReference; lastKnownFileType = text.plist.xml; path = Info.plist; sourceTree = "<group>"; };
		BA45B2CF1CD5992800E3C1ED /* IGManager.swift */ = {isa = PBXFileReference; fileEncoding = 4; lastKnownFileType = sourcecode.swift; path = IGManager.swift; sourceTree = "<group>"; };
		BA45B2D11CD59EE400E3C1ED /* IGAuthViewController.swift */ = {isa = PBXFileReference; fileEncoding = 4; lastKnownFileType = sourcecode.swift; path = IGAuthViewController.swift; sourceTree = "<group>"; };
		BA45B2D51CD5A55600E3C1ED /* IGAuthPermission.swift */ = {isa = PBXFileReference; fileEncoding = 4; lastKnownFileType = sourcecode.swift; path = IGAuthPermission.swift; sourceTree = "<group>"; };
		BA45B2D71CD5C09100E3C1ED /* IGAuthState.swift */ = {isa = PBXFileReference; fileEncoding = 4; lastKnownFileType = sourcecode.swift; path = IGAuthState.swift; sourceTree = "<group>"; };
		BA62E1DC1CD6E8290076047C /* JSONHelper.framework */ = {isa = PBXFileReference; lastKnownFileType = wrapper.framework; name = JSONHelper.framework; path = "/Users/Henry/Dropbox/Documents/[Project]/InstagramClient/Pods/../build/Debug-iphoneos/JSONHelper.framework"; sourceTree = "<absolute>"; };
		BA7A173F1CD6F99F00DC2250 /* AFNetworking.framework */ = {isa = PBXFileReference; lastKnownFileType = wrapper.framework; name = AFNetworking.framework; path = "/Users/Henry/Dropbox/Documents/[Project]/InstagramClient/Pods/../build/Debug-iphoneos/AFNetworking.framework"; sourceTree = "<absolute>"; };
		BA7A17411CD7205D00DC2250 /* IGAuthViewController.xib */ = {isa = PBXFileReference; fileEncoding = 4; lastKnownFileType = file.xib; path = IGAuthViewController.xib; sourceTree = "<group>"; };
		BA7A17431CD7BF4D00DC2250 /* IGUser.swift */ = {isa = PBXFileReference; fileEncoding = 4; lastKnownFileType = sourcecode.swift; path = IGUser.swift; sourceTree = "<group>"; };
		BAC1E4671CD699080091B108 /* IGMedia.swift */ = {isa = PBXFileReference; fileEncoding = 4; lastKnownFileType = sourcecode.swift; path = IGMedia.swift; sourceTree = "<group>"; };
		BAC1E4691CD699F00091B108 /* IGImage.swift */ = {isa = PBXFileReference; fileEncoding = 4; lastKnownFileType = sourcecode.swift; path = IGImage.swift; sourceTree = "<group>"; };
		BAC1E46B1CD69B6E0091B108 /* IGImageResolution.swift */ = {isa = PBXFileReference; fileEncoding = 4; lastKnownFileType = sourcecode.swift; path = IGImageResolution.swift; sourceTree = "<group>"; };
		BAC1E46D1CD6E0340091B108 /* IGMediaListResponse.swift */ = {isa = PBXFileReference; fileEncoding = 4; lastKnownFileType = sourcecode.swift; path = IGMediaListResponse.swift; sourceTree = "<group>"; };
/* End PBXFileReference section */

/* Begin PBXFrameworksBuildPhase section */
		BA45B2BA1CD58B5B00E3C1ED /* Frameworks */ = {
			isa = PBXFrameworksBuildPhase;
			buildActionMask = 2147483647;
			files = (
				BA7A17401CD6F99F00DC2250 /* AFNetworking.framework in Frameworks */,
				BA62E1DD1CD6E8290076047C /* JSONHelper.framework in Frameworks */,
			);
			runOnlyForDeploymentPostprocessing = 0;
		};
/* End PBXFrameworksBuildPhase section */

/* Begin PBXGroup section */
		BA45B2B41CD58B5B00E3C1ED = {
			isa = PBXGroup;
			children = (
				BA7A173F1CD6F99F00DC2250 /* AFNetworking.framework */,
				BA62E1DE1CD6E8340076047C /* Framework */,
				BA45B2C01CD58B5B00E3C1ED /* InstagramSDK */,
				BA45B2BF1CD58B5B00E3C1ED /* Products */,
			);
			sourceTree = "<group>";
		};
		BA45B2BF1CD58B5B00E3C1ED /* Products */ = {
			isa = PBXGroup;
			children = (
				BA45B2BE1CD58B5B00E3C1ED /* InstagramSDK.framework */,
			);
			name = Products;
			sourceTree = "<group>";
		};
		BA45B2C01CD58B5B00E3C1ED /* InstagramSDK */ = {
			isa = PBXGroup;
			children = (
				BAC1E4511CD64AEC0091B108 /* Enum */,
				BA45B2C11CD58B5B00E3C1ED /* InstagramSDK.h */,
				BA7A17431CD7BF4D00DC2250 /* IGUser.swift */,
				BAC1E4671CD699080091B108 /* IGMedia.swift */,
				BAC1E46D1CD6E0340091B108 /* IGMediaListResponse.swift */,
				BAC1E4691CD699F00091B108 /* IGImage.swift */,
				BA45B2CF1CD5992800E3C1ED /* IGManager.swift */,
				BA45B2D11CD59EE400E3C1ED /* IGAuthViewController.swift */,
				BA7A17411CD7205D00DC2250 /* IGAuthViewController.xib */,
				BA45B2C31CD58B5B00E3C1ED /* Info.plist */,
			);
			path = InstagramSDK;
			sourceTree = "<group>";
		};
		BA62E1DE1CD6E8340076047C /* Framework */ = {
			isa = PBXGroup;
			children = (
				BA62E1DC1CD6E8290076047C /* JSONHelper.framework */,
			);
			name = Framework;
			sourceTree = "<group>";
		};
		BAC1E4511CD64AEC0091B108 /* Enum */ = {
			isa = PBXGroup;
			children = (
				BA45B2D51CD5A55600E3C1ED /* IGAuthPermission.swift */,
				BA45B2D71CD5C09100E3C1ED /* IGAuthState.swift */,
				BAC1E46B1CD69B6E0091B108 /* IGImageResolution.swift */,
			);
			name = Enum;
			sourceTree = "<group>";
		};
/* End PBXGroup section */

/* Begin PBXHeadersBuildPhase section */
		BA45B2BB1CD58B5B00E3C1ED /* Headers */ = {
			isa = PBXHeadersBuildPhase;
			buildActionMask = 2147483647;
			files = (
				BA45B2C21CD58B5B00E3C1ED /* InstagramSDK.h in Headers */,
			);
			runOnlyForDeploymentPostprocessing = 0;
		};
/* End PBXHeadersBuildPhase section */

/* Begin PBXNativeTarget section */
		BA45B2BD1CD58B5B00E3C1ED /* InstagramSDK */ = {
			isa = PBXNativeTarget;
			buildConfigurationList = BA45B2C61CD58B5B00E3C1ED /* Build configuration list for PBXNativeTarget "InstagramSDK" */;
			buildPhases = (
				BA45B2B91CD58B5B00E3C1ED /* Sources */,
				BA45B2BA1CD58B5B00E3C1ED /* Frameworks */,
				BA45B2BB1CD58B5B00E3C1ED /* Headers */,
				BA45B2BC1CD58B5B00E3C1ED /* Resources */,
			);
			buildRules = (
			);
			dependencies = (
			);
			name = InstagramSDK;
			productName = InstagramSDK;
			productReference = BA45B2BE1CD58B5B00E3C1ED /* InstagramSDK.framework */;
			productType = "com.apple.product-type.framework";
		};
/* End PBXNativeTarget section */

/* Begin PBXProject section */
		BA45B2B51CD58B5B00E3C1ED /* Project object */ = {
			isa = PBXProject;
			attributes = {
				LastUpgradeCheck = 0720;
				ORGANIZATIONNAME = Henry;
				TargetAttributes = {
					BA45B2BD1CD58B5B00E3C1ED = {
						CreatedOnToolsVersion = 7.2.1;
					};
				};
			};
			buildConfigurationList = BA45B2B81CD58B5B00E3C1ED /* Build configuration list for PBXProject "InstagramSDK" */;
			compatibilityVersion = "Xcode 3.2";
			developmentRegion = English;
			hasScannedForEncodings = 0;
			knownRegions = (
				en,
			);
			mainGroup = BA45B2B41CD58B5B00E3C1ED;
			productRefGroup = BA45B2BF1CD58B5B00E3C1ED /* Products */;
			projectDirPath = "";
			projectRoot = "";
			targets = (
				BA45B2BD1CD58B5B00E3C1ED /* InstagramSDK */,
			);
		};
/* End PBXProject section */

/* Begin PBXResourcesBuildPhase section */
		BA45B2BC1CD58B5B00E3C1ED /* Resources */ = {
			isa = PBXResourcesBuildPhase;
			buildActionMask = 2147483647;
			files = (
				BA7A17421CD7205D00DC2250 /* IGAuthViewController.xib in Resources */,
			);
			runOnlyForDeploymentPostprocessing = 0;
		};
/* End PBXResourcesBuildPhase section */

/* Begin PBXSourcesBuildPhase section */
		BA45B2B91CD58B5B00E3C1ED /* Sources */ = {
			isa = PBXSourcesBuildPhase;
			buildActionMask = 2147483647;
			files = (
				BAC1E46C1CD69B6E0091B108 /* IGImageResolution.swift in Sources */,
				BA45B2D21CD59EE400E3C1ED /* IGAuthViewController.swift in Sources */,
				BA45B2D01CD5992800E3C1ED /* IGManager.swift in Sources */,
				BAC1E4681CD699080091B108 /* IGMedia.swift in Sources */,
				BA7A17441CD7BF4D00DC2250 /* IGUser.swift in Sources */,
				BA45B2D61CD5A55600E3C1ED /* IGAuthPermission.swift in Sources */,
				BA45B2D81CD5C09100E3C1ED /* IGAuthState.swift in Sources */,
				BAC1E46A1CD699F00091B108 /* IGImage.swift in Sources */,
				BAC1E46E1CD6E0340091B108 /* IGMediaListResponse.swift in Sources */,
			);
			runOnlyForDeploymentPostprocessing = 0;
		};
/* End PBXSourcesBuildPhase section */

/* Begin XCBuildConfiguration section */
		BA45B2C41CD58B5B00E3C1ED /* Debug */ = {
			isa = XCBuildConfiguration;
			buildSettings = {
				ALWAYS_SEARCH_USER_PATHS = NO;
				CLANG_CXX_LANGUAGE_STANDARD = "gnu++0x";
				CLANG_CXX_LIBRARY = "libc++";
				CLANG_ENABLE_MODULES = YES;
				CLANG_ENABLE_OBJC_ARC = YES;
				CLANG_WARN_BOOL_CONVERSION = YES;
				CLANG_WARN_CONSTANT_CONVERSION = YES;
				CLANG_WARN_DIRECT_OBJC_ISA_USAGE = YES_ERROR;
				CLANG_WARN_EMPTY_BODY = YES;
				CLANG_WARN_ENUM_CONVERSION = YES;
				CLANG_WARN_INT_CONVERSION = YES;
				CLANG_WARN_OBJC_ROOT_CLASS = YES_ERROR;
				CLANG_WARN_UNREACHABLE_CODE = YES;
				CLANG_WARN__DUPLICATE_METHOD_MATCH = YES;
				"CODE_SIGN_IDENTITY[sdk=iphoneos*]" = "iPhone Developer";
				COPY_PHASE_STRIP = NO;
				CURRENT_PROJECT_VERSION = 1;
				DEBUG_INFORMATION_FORMAT = dwarf;
				ENABLE_STRICT_OBJC_MSGSEND = YES;
				ENABLE_TESTABILITY = YES;
				GCC_C_LANGUAGE_STANDARD = gnu99;
				GCC_DYNAMIC_NO_PIC = NO;
				GCC_NO_COMMON_BLOCKS = YES;
				GCC_OPTIMIZATION_LEVEL = 0;
				GCC_PREPROCESSOR_DEFINITIONS = (
					"DEBUG=1",
					"$(inherited)",
				);
				GCC_WARN_64_TO_32_BIT_CONVERSION = YES;
				GCC_WARN_ABOUT_RETURN_TYPE = YES_ERROR;
				GCC_WARN_UNDECLARED_SELECTOR = YES;
				GCC_WARN_UNINITIALIZED_AUTOS = YES_AGGRESSIVE;
				GCC_WARN_UNUSED_FUNCTION = YES;
				GCC_WARN_UNUSED_VARIABLE = YES;
				IPHONEOS_DEPLOYMENT_TARGET = 9.2;
				MTL_ENABLE_DEBUG_INFO = YES;
				ONLY_ACTIVE_ARCH = YES;
				SDKROOT = iphoneos;
				SWIFT_OPTIMIZATION_LEVEL = "-Onone";
				TARGETED_DEVICE_FAMILY = "1,2";
				VERSIONING_SYSTEM = "apple-generic";
				VERSION_INFO_PREFIX = "";
			};
			name = Debug;
		};
		BA45B2C51CD58B5B00E3C1ED /* Release */ = {
			isa = XCBuildConfiguration;
			buildSettings = {
				ALWAYS_SEARCH_USER_PATHS = NO;
				CLANG_CXX_LANGUAGE_STANDARD = "gnu++0x";
				CLANG_CXX_LIBRARY = "libc++";
				CLANG_ENABLE_MODULES = YES;
				CLANG_ENABLE_OBJC_ARC = YES;
				CLANG_WARN_BOOL_CONVERSION = YES;
				CLANG_WARN_CONSTANT_CONVERSION = YES;
				CLANG_WARN_DIRECT_OBJC_ISA_USAGE = YES_ERROR;
				CLANG_WARN_EMPTY_BODY = YES;
				CLANG_WARN_ENUM_CONVERSION = YES;
				CLANG_WARN_INT_CONVERSION = YES;
				CLANG_WARN_OBJC_ROOT_CLASS = YES_ERROR;
				CLANG_WARN_UNREACHABLE_CODE = YES;
				CLANG_WARN__DUPLICATE_METHOD_MATCH = YES;
				"CODE_SIGN_IDENTITY[sdk=iphoneos*]" = "iPhone Developer";
				COPY_PHASE_STRIP = NO;
				CURRENT_PROJECT_VERSION = 1;
				DEBUG_INFORMATION_FORMAT = "dwarf-with-dsym";
				ENABLE_NS_ASSERTIONS = NO;
				ENABLE_STRICT_OBJC_MSGSEND = YES;
				GCC_C_LANGUAGE_STANDARD = gnu99;
				GCC_NO_COMMON_BLOCKS = YES;
				GCC_WARN_64_TO_32_BIT_CONVERSION = YES;
				GCC_WARN_ABOUT_RETURN_TYPE = YES_ERROR;
				GCC_WARN_UNDECLARED_SELECTOR = YES;
				GCC_WARN_UNINITIALIZED_AUTOS = YES_AGGRESSIVE;
				GCC_WARN_UNUSED_FUNCTION = YES;
				GCC_WARN_UNUSED_VARIABLE = YES;
				IPHONEOS_DEPLOYMENT_TARGET = 9.2;
				MTL_ENABLE_DEBUG_INFO = NO;
				SDKROOT = iphoneos;
				TARGETED_DEVICE_FAMILY = "1,2";
				VALIDATE_PRODUCT = YES;
				VERSIONING_SYSTEM = "apple-generic";
				VERSION_INFO_PREFIX = "";
			};
			name = Release;
		};
		BA45B2C71CD58B5B00E3C1ED /* Debug */ = {
			isa = XCBuildConfiguration;
			buildSettings = {
				CLANG_ENABLE_MODULES = YES;
				DEFINES_MODULE = YES;
				DYLIB_COMPATIBILITY_VERSION = 1;
				DYLIB_CURRENT_VERSION = 1;
				DYLIB_INSTALL_NAME_BASE = "@rpath";
				INFOPLIST_FILE = InstagramSDK/Info.plist;
				INSTALL_PATH = "$(LOCAL_LIBRARY_DIR)/Frameworks";
				LD_RUNPATH_SEARCH_PATHS = "$(inherited) @executable_path/Frameworks @loader_path/Frameworks";
				PRODUCT_BUNDLE_IDENTIFIER = com.henry.InstagramSDK;
				PRODUCT_NAME = "$(TARGET_NAME)";
				SKIP_INSTALL = YES;
				SWIFT_OPTIMIZATION_LEVEL = "-Onone";
			};
			name = Debug;
		};
		BA45B2C81CD58B5B00E3C1ED /* Release */ = {
			isa = XCBuildConfiguration;
			buildSettings = {
				CLANG_ENABLE_MODULES = YES;
				DEFINES_MODULE = YES;
				DYLIB_COMPATIBILITY_VERSION = 1;
				DYLIB_CURRENT_VERSION = 1;
				DYLIB_INSTALL_NAME_BASE = "@rpath";
				INFOPLIST_FILE = InstagramSDK/Info.plist;
				INSTALL_PATH = "$(LOCAL_LIBRARY_DIR)/Frameworks";
				LD_RUNPATH_SEARCH_PATHS = "$(inherited) @executable_path/Frameworks @loader_path/Frameworks";
				PRODUCT_BUNDLE_IDENTIFIER = com.henry.InstagramSDK;
				PRODUCT_NAME = "$(TARGET_NAME)";
				SKIP_INSTALL = YES;
			};
			name = Release;
		};
/* End XCBuildConfiguration section */

/* Begin XCConfigurationList section */
		BA45B2B81CD58B5B00E3C1ED /* Build configuration list for PBXProject "InstagramSDK" */ = {
			isa = XCConfigurationList;
			buildConfigurations = (
				BA45B2C41CD58B5B00E3C1ED /* Debug */,
				BA45B2C51CD58B5B00E3C1ED /* Release */,
			);
			defaultConfigurationIsVisible = 0;
			defaultConfigurationName = Release;
		};
		BA45B2C61CD58B5B00E3C1ED /* Build configuration list for PBXNativeTarget "InstagramSDK" */ = {
			isa = XCConfigurationList;
			buildConfigurations = (
				BA45B2C71CD58B5B00E3C1ED /* Debug */,
				BA45B2C81CD58B5B00E3C1ED /* Release */,
			);
			defaultConfigurationIsVisible = 0;
			defaultConfigurationName = Release;
		};
/* End XCConfigurationList section */
	};
	rootObject = BA45B2B51CD58B5B00E3C1ED /* Project object */;
}
